
Microsoft Visual Studio Solution File, Format Version 12.00
# Visual Studio Version 16
VisualStudioVersion = 16.0.32126.315
MinimumVisualStudioVersion = 10.0.40219.1
Project("{9A19103F-16F7-4668-BE54-9A1E7A4F7556}") = "1-PrimeiroProjeto", "AprendendoCsharp\1-PrimeiroProjeto.csproj", "{6BFD3F3D-4EF8-4E2E-B214-B759CBD1E516}"
EndProject
Project("{9A19103F-16F7-4668-BE54-9A1E7A4F7556}") = "2-CriandoVariaveis", "2-CriandoVariaveis\2-CriandoVariaveis.csproj", "{1C69248C-C462-4F71-8CCD-78EF8FDAAF25}"
EndProject
Project("{9A19103F-16F7-4668-BE54-9A1E7A4F7556}") = "3-CriandoVariaveisPontoFlutuante", "3-CriandoVariaveisPontoFlutuante\3-CriandoVariaveisPontoFlutuante.csproj", "{8D793FF0-8141-4F64-962B-7DFA00C64399}"
EndProject
Project("{9A19103F-16F7-4668-BE54-9A1E7A4F7556}") = "4-ConversoesEOustrosTiposNumericos", "4-ConversoesEOustrosTiposNumericos\4-ConversoesEOustrosTiposNumericos.csproj", "{F765796D-F3C6-4DBF-9BC1-6EFFCC95C52D}"
EndProject
Project("{9A19103F-16F7-4668-BE54-9A1E7A4F7556}") = "5-CaracteresETextos", "5-CaracteresETextos\5-CaracteresETextos.csproj", "{88890118-57AF-4FC9-95AF-D8631FBF4078}"
EndProject
Project("{9A19103F-16F7-4668-BE54-9A1E7A4F7556}") = "6-AtribuicoesDeVariaveis", "6-AtribuicoesDeVariaveis\6-AtribuicoesDeVariaveis.csproj", "{CF6424F3-CDF5-4629-858D-048390724E76}"
EndProject
Project("{9A19103F-16F7-4668-BE54-9A1E7A4F7556}") = "7-CondicionaisEControleDeFluxo", "7-CondicionaisEControleDeFluxo\7-CondicionaisEControleDeFluxo.csproj", "{650F9307-8F44-4F2A-BD00-C18D68E0CD5C}"
EndProject
Project("{9A19103F-16F7-4668-BE54-9A1E7A4F7556}") = "8-Condicionais2", "8-Condicionais2\8-Condicionais2.csproj", "{4EA8648E-CF5C-49FB-932B-21005520990C}"
EndProject
Project("{9A19103F-16F7-4668-BE54-9A1E7A4F7556}") = "9-Escopo", "9-Escopo\9-Escopo.csproj", "{347BB3B4-9FA5-49F8-BF6B-9EC95854BC6F}"
EndProject
Project("{9A19103F-16F7-4668-BE54-9A1E7A4F7556}") = "9.01-PraticaEscopo", "9-PraticaEscopo\9.01-PraticaEscopo.csproj", "{3A1267FA-17A5-4CE9-B563-38A6A1EB7650}"
EndProject
Project("{9A19103F-16F7-4668-BE54-9A1E7A4F7556}") = "9.02-TesteIRPF", "9.02-TesteIRPF\9.02-TesteIRPF.csproj", "{62F6A527-CDD8-4EDB-95CA-F1E177BBA174}"
EndProject
Project("{9A19103F-16F7-4668-BE54-9A1E7A4F7556}") = "9.03-Funcionariopromovido", "9.03-Funcionariopromovido\9.03-Funcionariopromovido.csproj", "{09A26C8D-E6BC-4D66-A449-9E7A6B35853B}"
EndProject
Project("{9A19103F-16F7-4668-BE54-9A1E7A4F7556}") = "9.04-TestaEscopo", "9.04-TestaEscopo\9.04-TestaEscopo.csproj", "{6D612BFB-AD87-4C64-98F5-DB9CA9A46178}"
EndProject
Project("{9A19103F-16F7-4668-BE54-9A1E7A4F7556}") = "9.05-AliquotaComIfs", "9.05-AliquotaComIfs\9.05-AliquotaComIfs.csproj", "{698F63FA-7935-48B5-AD6E-6426AC2F043D}"
EndProject
Project("{FAE04EC0-301F-11D3-BF4B-00C04F79EFBC}") = "TesteSwitch", "TesteSwitch\TesteSwitch.csproj", "{5E2F24AC-0B63-4FC9-8813-060A450AFCAD}"
EndProject
Project("{FAE04EC0-301F-11D3-BF4B-00C04F79EFBC}") = "CalculaPoupanca", "CalculaPoupanca\CalculaPoupanca.csproj", "{1735A834-5F1E-4E84-AACF-9C6309647800}"
EndProject
Global
	GlobalSection(SolutionConfigurationPlatforms) = preSolution
		Debug|Any CPU = Debug|Any CPU
		Release|Any CPU = Release|Any CPU
	EndGlobalSection
	GlobalSection(ProjectConfigurationPlatforms) = postSolution
		{6BFD3F3D-4EF8-4E2E-B214-B759CBD1E516}.Debug|Any CPU.ActiveCfg = Debug|Any CPU
		{6BFD3F3D-4EF8-4E2E-B214-B759CBD1E516}.Debug|Any CPU.Build.0 = Debug|Any CPU
		{6BFD3F3D-4EF8-4E2E-B214-B759CBD1E516}.Release|Any CPU.ActiveCfg = Release|Any CPU
		{6BFD3F3D-4EF8-4E2E-B214-B759CBD1E516}.Release|Any CPU.Build.0 = Release|Any CPU
		{1C69248C-C462-4F71-8CCD-78EF8FDAAF25}.Debug|Any CPU.ActiveCfg = Debug|Any CPU
		{1C69248C-C462-4F71-8CCD-78EF8FDAAF25}.Debug|Any CPU.Build.0 = Debug|Any CPU
		{1C69248C-C462-4F71-8CCD-78EF8FDAAF25}.Release|Any CPU.ActiveCfg = Release|Any CPU
		{1C69248C-C462-4F71-8CCD-78EF8FDAAF25}.Release|Any CPU.Build.0 = Release|Any CPU
		{8D793FF0-8141-4F64-962B-7DFA00C64399}.Debug|Any CPU.ActiveCfg = Debug|Any CPU
		{8D793FF0-8141-4F64-962B-7DFA00C64399}.Debug|Any CPU.Build.0 = Debug|Any CPU
		{8D793FF0-8141-4F64-962B-7DFA00C64399}.Release|Any CPU.ActiveCfg = Release|Any CPU
		{8D793FF0-8141-4F64-962B-7DFA00C64399}.Release|Any CPU.Build.0 = Release|Any CPU
		{F765796D-F3C6-4DBF-9BC1-6EFFCC95C52D}.Debug|Any CPU.ActiveCfg = Debug|Any CPU
		{F765796D-F3C6-4DBF-9BC1-6EFFCC95C52D}.Debug|Any CPU.Build.0 = Debug|Any CPU
		{F765796D-F3C6-4DBF-9BC1-6EFFCC95C52D}.Release|Any CPU.ActiveCfg = Release|Any CPU
		{F765796D-F3C6-4DBF-9BC1-6EFFCC95C52D}.Release|Any CPU.Build.0 = Release|Any CPU
		{88890118-57AF-4FC9-95AF-D8631FBF4078}.Debug|Any CPU.ActiveCfg = Debug|Any CPU
		{88890118-57AF-4FC9-95AF-D8631FBF4078}.Debug|Any CPU.Build.0 = Debug|Any CPU
		{88890118-57AF-4FC9-95AF-D8631FBF4078}.Release|Any CPU.ActiveCfg = Release|Any CPU
		{88890118-57AF-4FC9-95AF-D8631FBF4078}.Release|Any CPU.Build.0 = Release|Any CPU
		{CF6424F3-CDF5-4629-858D-048390724E76}.Debug|Any CPU.ActiveCfg = Debug|Any CPU
		{CF6424F3-CDF5-4629-858D-048390724E76}.Debug|Any CPU.Build.0 = Debug|Any CPU
		{CF6424F3-CDF5-4629-858D-048390724E76}.Release|Any CPU.ActiveCfg = Release|Any CPU
		{CF6424F3-CDF5-4629-858D-048390724E76}.Release|Any CPU.Build.0 = Release|Any CPU
		{650F9307-8F44-4F2A-BD00-C18D68E0CD5C}.Debug|Any CPU.ActiveCfg = Debug|Any CPU
		{650F9307-8F44-4F2A-BD00-C18D68E0CD5C}.Debug|Any CPU.Build.0 = Debug|Any CPU
		{650F9307-8F44-4F2A-BD00-C18D68E0CD5C}.Release|Any CPU.ActiveCfg = Release|Any CPU
		{650F9307-8F44-4F2A-BD00-C18D68E0CD5C}.Release|Any CPU.Build.0 = Release|Any CPU
		{4EA8648E-CF5C-49FB-932B-21005520990C}.Debug|Any CPU.ActiveCfg = Debug|Any CPU
		{4EA8648E-CF5C-49FB-932B-21005520990C}.Debug|Any CPU.Build.0 = Debug|Any CPU
		{4EA8648E-CF5C-49FB-932B-21005520990C}.Release|Any CPU.ActiveCfg = Release|Any CPU
		{4EA8648E-CF5C-49FB-932B-21005520990C}.Release|Any CPU.Build.0 = Release|Any CPU
		{347BB3B4-9FA5-49F8-BF6B-9EC95854BC6F}.Debug|Any CPU.ActiveCfg = Debug|Any CPU
		{347BB3B4-9FA5-49F8-BF6B-9EC95854BC6F}.Debug|Any CPU.Build.0 = Debug|Any CPU
		{347BB3B4-9FA5-49F8-BF6B-9EC95854BC6F}.Release|Any CPU.ActiveCfg = Release|Any CPU
		{347BB3B4-9FA5-49F8-BF6B-9EC95854BC6F}.Release|Any CPU.Build.0 = Release|Any CPU
		{3A1267FA-17A5-4CE9-B563-38A6A1EB7650}.Debug|Any CPU.ActiveCfg = Debug|Any CPU
		{3A1267FA-17A5-4CE9-B563-38A6A1EB7650}.Debug|Any CPU.Build.0 = Debug|Any CPU
		{3A1267FA-17A5-4CE9-B563-38A6A1EB7650}.Release|Any CPU.ActiveCfg = Release|Any CPU
		{3A1267FA-17A5-4CE9-B563-38A6A1EB7650}.Release|Any CPU.Build.0 = Release|Any CPU
		{62F6A527-CDD8-4EDB-95CA-F1E177BBA174}.Debug|Any CPU.ActiveCfg = Debug|Any CPU
		{62F6A527-CDD8-4EDB-95CA-F1E177BBA174}.Debug|Any CPU.Build.0 = Debug|Any CPU
		{62F6A527-CDD8-4EDB-95CA-F1E177BBA174}.Release|Any CPU.ActiveCfg = Release|Any CPU
		{62F6A527-CDD8-4EDB-95CA-F1E177BBA174}.Release|Any CPU.Build.0 = Release|Any CPU
		{09A26C8D-E6BC-4D66-A449-9E7A6B35853B}.Debug|Any CPU.ActiveCfg = Debug|Any CPU
		{09A26C8D-E6BC-4D66-A449-9E7A6B35853B}.Debug|Any CPU.Build.0 = Debug|Any CPU
		{09A26C8D-E6BC-4D66-A449-9E7A6B35853B}.Release|Any CPU.ActiveCfg = Release|Any CPU
		{09A26C8D-E6BC-4D66-A449-9E7A6B35853B}.Release|Any CPU.Build.0 = Release|Any CPU
		{6D612BFB-AD87-4C64-98F5-DB9CA9A46178}.Debug|Any CPU.ActiveCfg = Debug|Any CPU
		{6D612BFB-AD87-4C64-98F5-DB9CA9A46178}.Debug|Any CPU.Build.0 = Debug|Any CPU
		{6D612BFB-AD87-4C64-98F5-DB9CA9A46178}.Release|Any CPU.ActiveCfg = Release|Any CPU
		{6D612BFB-AD87-4C64-98F5-DB9CA9A46178}.Release|Any CPU.Build.0 = Release|Any CPU
		{698F63FA-7935-48B5-AD6E-6426AC2F043D}.Debug|Any CPU.ActiveCfg = Debug|Any CPU
		{698F63FA-7935-48B5-AD6E-6426AC2F043D}.Debug|Any CPU.Build.0 = Debug|Any CPU
		{698F63FA-7935-48B5-AD6E-6426AC2F043D}.Release|Any CPU.ActiveCfg = Release|Any CPU
		{698F63FA-7935-48B5-AD6E-6426AC2F043D}.Release|Any CPU.Build.0 = Release|Any CPU
		{5E2F24AC-0B63-4FC9-8813-060A450AFCAD}.Debug|Any CPU.ActiveCfg = Debug|Any CPU
		{5E2F24AC-0B63-4FC9-8813-060A450AFCAD}.Debug|Any CPU.Build.0 = Debug|Any CPU
		{5E2F24AC-0B63-4FC9-8813-060A450AFCAD}.Release|Any CPU.ActiveCfg = Release|Any CPU
		{5E2F24AC-0B63-4FC9-8813-060A450AFCAD}.Release|Any CPU.Build.0 = Release|Any CPU
		{1735A834-5F1E-4E84-AACF-9C6309647800}.Debug|Any CPU.ActiveCfg = Debug|Any CPU
		{1735A834-5F1E-4E84-AACF-9C6309647800}.Debug|Any CPU.Build.0 = Debug|Any CPU
		{1735A834-5F1E-4E84-AACF-9C6309647800}.Release|Any CPU.ActiveCfg = Release|Any CPU
		{1735A834-5F1E-4E84-AACF-9C6309647800}.Release|Any CPU.Build.0 = Release|Any CPU
	EndGlobalSection
	GlobalSection(SolutionProperties) = preSolution
		HideSolutionNode = FALSE
	EndGlobalSection
	GlobalSection(ExtensibilityGlobals) = postSolution
		SolutionGuid = {2D197D48-DCDB-43F6-8FF2-4ED7340EDE18}
	EndGlobalSection
EndGlobal
